
Microsoft Visual Studio Solution File, Format Version 12.00
# Visual Studio Version 16
VisualStudioVersion = 16.0.29613.14
MinimumVisualStudioVersion = 15.0.26124.0
Project("{2150E333-8FDC-42A3-9474-1A3956D46DE8}") = "src", "src", "{08E9DCCD-57A4-4FDF-B43D-8CE57A53E014}"
EndProject
Project("{9A19103F-16F7-4668-BE54-9A1E7A4F7556}") = "DotNetCloud.SqsToolbox", "src\DotNetCloud.SqsToolbox\DotNetCloud.SqsToolbox.csproj", "{73A6E16C-B550-4059-BC63-21190432B218}"
EndProject
Project("{2150E333-8FDC-42A3-9474-1A3956D46DE8}") = "test", "test", "{2E9465F8-DCF0-49DA-9880-F285E99E476D}"
EndProject
Project("{9A19103F-16F7-4668-BE54-9A1E7A4F7556}") = "DotNetCloud.SqsToolbox.Tests", "test\DotNetCloud.SqsToolbox.Tests\DotNetCloud.SqsToolbox.Tests.csproj", "{D9189D2E-12DE-402B-84B4-C32DEDAD03B4}"
EndProject
Project("{2150E333-8FDC-42A3-9474-1A3956D46DE8}") = "samples", "samples", "{3DB02190-40D2-4553-B732-2DE6718A777D}"
EndProject
Project("{9A19103F-16F7-4668-BE54-9A1E7A4F7556}") = "ConsoleAppSample", "samples\ConsoleAppSample\ConsoleAppSample.csproj", "{593CB3AE-6F26-43FD-A368-C0C2A07A8BB4}"
EndProject
Project("{9A19103F-16F7-4668-BE54-9A1E7A4F7556}") = "WorkerServiceSample", "samples\WorkerServiceSample\WorkerServiceSample.csproj", "{40FF8B10-B763-4BDB-B1BC-864B0A2046AF}"
EndProject
Project("{9A19103F-16F7-4668-BE54-9A1E7A4F7556}") = "DotNetCloud.SqsToolbox.Extensions", "src\DotNetCloud.SqsToolbox.Extensions\DotNetCloud.SqsToolbox.Extensions.csproj", "{21BA9028-82E7-4810-9F28-4C412CD1B4F9}"
EndProject
Project("{2150E333-8FDC-42A3-9474-1A3956D46DE8}") = "docs", "docs", "{C3A385C2-F5E6-469D-8B15-627406CFA096}"
	ProjectSection(SolutionItems) = preProject
		README.md = README.md
	EndProjectSection
EndProject
Project("{2150E333-8FDC-42A3-9474-1A3956D46DE8}") = "templates", "templates", "{7B33C7CD-7079-4A40-BD57-8DC3B7CB23A2}"
EndProject
Project("{9A19103F-16F7-4668-BE54-9A1E7A4F7556}") = "DotNetCloud.SqsWorkerService", "templates\SqsWorkerService\DotNetCloud.SqsWorkerService.csproj", "{5075B9C6-4945-4E12-B9BF-85C97BA095C5}"
EndProject
Project("{2150E333-8FDC-42A3-9474-1A3956D46DE8}") = "Sqs", "Sqs", "{26E1F2F4-B50F-4287-9FFE-C6AD020E46BD}"
	ProjectSection(SolutionItems) = preProject
		templates\SqsMessageProcessingWorkerService\.template.config\template.json = templates\SqsMessageProcessingWorkerService\.template.config\template.json
	EndProjectSection
EndProject
Project("{FAE04EC0-301F-11D3-BF4B-00C04F79EFBC}") = "DotNetCloud.SqsToolbox.Extensions.Tests", "test\DotNetCloud.SqsToolbox.Extensions.Tests\DotNetCloud.SqsToolbox.Extensions.Tests.csproj", "{75B42017-98E8-4814-80EF-D79AAD30E440}"
EndProject
Project("{2150E333-8FDC-42A3-9474-1A3956D46DE8}") = "Solution Items", "Solution Items", "{D6F3761E-5991-4020-A192-D46823F2F2E0}"
	ProjectSection(SolutionItems) = preProject
		.editorconfig = .editorconfig
	EndProjectSection
EndProject
Global
	GlobalSection(SolutionConfigurationPlatforms) = preSolution
		Debug|Any CPU = Debug|Any CPU
		Debug|x64 = Debug|x64
		Debug|x86 = Debug|x86
		Release|Any CPU = Release|Any CPU
		Release|x64 = Release|x64
		Release|x86 = Release|x86
	EndGlobalSection
	GlobalSection(ProjectConfigurationPlatforms) = postSolution
		{73A6E16C-B550-4059-BC63-21190432B218}.Debug|Any CPU.ActiveCfg = Debug|Any CPU
		{73A6E16C-B550-4059-BC63-21190432B218}.Debug|Any CPU.Build.0 = Debug|Any CPU
		{73A6E16C-B550-4059-BC63-21190432B218}.Debug|x64.ActiveCfg = Debug|Any CPU
		{73A6E16C-B550-4059-BC63-21190432B218}.Debug|x64.Build.0 = Debug|Any CPU
		{73A6E16C-B550-4059-BC63-21190432B218}.Debug|x86.ActiveCfg = Debug|Any CPU
		{73A6E16C-B550-4059-BC63-21190432B218}.Debug|x86.Build.0 = Debug|Any CPU
		{73A6E16C-B550-4059-BC63-21190432B218}.Release|Any CPU.ActiveCfg = Release|Any CPU
		{73A6E16C-B550-4059-BC63-21190432B218}.Release|Any CPU.Build.0 = Release|Any CPU
		{73A6E16C-B550-4059-BC63-21190432B218}.Release|x64.ActiveCfg = Release|Any CPU
		{73A6E16C-B550-4059-BC63-21190432B218}.Release|x64.Build.0 = Release|Any CPU
		{73A6E16C-B550-4059-BC63-21190432B218}.Release|x86.ActiveCfg = Release|Any CPU
		{73A6E16C-B550-4059-BC63-21190432B218}.Release|x86.Build.0 = Release|Any CPU
		{D9189D2E-12DE-402B-84B4-C32DEDAD03B4}.Debug|Any CPU.ActiveCfg = Debug|Any CPU
		{D9189D2E-12DE-402B-84B4-C32DEDAD03B4}.Debug|Any CPU.Build.0 = Debug|Any CPU
		{D9189D2E-12DE-402B-84B4-C32DEDAD03B4}.Debug|x64.ActiveCfg = Debug|Any CPU
		{D9189D2E-12DE-402B-84B4-C32DEDAD03B4}.Debug|x64.Build.0 = Debug|Any CPU
		{D9189D2E-12DE-402B-84B4-C32DEDAD03B4}.Debug|x86.ActiveCfg = Debug|Any CPU
		{D9189D2E-12DE-402B-84B4-C32DEDAD03B4}.Debug|x86.Build.0 = Debug|Any CPU
		{D9189D2E-12DE-402B-84B4-C32DEDAD03B4}.Release|Any CPU.ActiveCfg = Release|Any CPU
		{D9189D2E-12DE-402B-84B4-C32DEDAD03B4}.Release|Any CPU.Build.0 = Release|Any CPU
		{D9189D2E-12DE-402B-84B4-C32DEDAD03B4}.Release|x64.ActiveCfg = Release|Any CPU
		{D9189D2E-12DE-402B-84B4-C32DEDAD03B4}.Release|x64.Build.0 = Release|Any CPU
		{D9189D2E-12DE-402B-84B4-C32DEDAD03B4}.Release|x86.ActiveCfg = Release|Any CPU
		{D9189D2E-12DE-402B-84B4-C32DEDAD03B4}.Release|x86.Build.0 = Release|Any CPU
		{593CB3AE-6F26-43FD-A368-C0C2A07A8BB4}.Debug|Any CPU.ActiveCfg = Debug|Any CPU
		{593CB3AE-6F26-43FD-A368-C0C2A07A8BB4}.Debug|Any CPU.Build.0 = Debug|Any CPU
		{593CB3AE-6F26-43FD-A368-C0C2A07A8BB4}.Debug|x64.ActiveCfg = Debug|Any CPU
		{593CB3AE-6F26-43FD-A368-C0C2A07A8BB4}.Debug|x64.Build.0 = Debug|Any CPU
		{593CB3AE-6F26-43FD-A368-C0C2A07A8BB4}.Debug|x86.ActiveCfg = Debug|Any CPU
		{593CB3AE-6F26-43FD-A368-C0C2A07A8BB4}.Debug|x86.Build.0 = Debug|Any CPU
		{593CB3AE-6F26-43FD-A368-C0C2A07A8BB4}.Release|Any CPU.ActiveCfg = Release|Any CPU
		{593CB3AE-6F26-43FD-A368-C0C2A07A8BB4}.Release|Any CPU.Build.0 = Release|Any CPU
		{593CB3AE-6F26-43FD-A368-C0C2A07A8BB4}.Release|x64.ActiveCfg = Release|Any CPU
		{593CB3AE-6F26-43FD-A368-C0C2A07A8BB4}.Release|x64.Build.0 = Release|Any CPU
		{593CB3AE-6F26-43FD-A368-C0C2A07A8BB4}.Release|x86.ActiveCfg = Release|Any CPU
		{593CB3AE-6F26-43FD-A368-C0C2A07A8BB4}.Release|x86.Build.0 = Release|Any CPU
		{40FF8B10-B763-4BDB-B1BC-864B0A2046AF}.Debug|Any CPU.ActiveCfg = Debug|Any CPU
		{40FF8B10-B763-4BDB-B1BC-864B0A2046AF}.Debug|Any CPU.Build.0 = Debug|Any CPU
		{40FF8B10-B763-4BDB-B1BC-864B0A2046AF}.Debug|x64.ActiveCfg = Debug|Any CPU
		{40FF8B10-B763-4BDB-B1BC-864B0A2046AF}.Debug|x64.Build.0 = Debug|Any CPU
		{40FF8B10-B763-4BDB-B1BC-864B0A2046AF}.Debug|x86.ActiveCfg = Debug|Any CPU
		{40FF8B10-B763-4BDB-B1BC-864B0A2046AF}.Debug|x86.Build.0 = Debug|Any CPU
		{40FF8B10-B763-4BDB-B1BC-864B0A2046AF}.Release|Any CPU.ActiveCfg = Release|Any CPU
		{40FF8B10-B763-4BDB-B1BC-864B0A2046AF}.Release|Any CPU.Build.0 = Release|Any CPU
		{40FF8B10-B763-4BDB-B1BC-864B0A2046AF}.Release|x64.ActiveCfg = Release|Any CPU
		{40FF8B10-B763-4BDB-B1BC-864B0A2046AF}.Release|x64.Build.0 = Release|Any CPU
		{40FF8B10-B763-4BDB-B1BC-864B0A2046AF}.Release|x86.ActiveCfg = Release|Any CPU
		{40FF8B10-B763-4BDB-B1BC-864B0A2046AF}.Release|x86.Build.0 = Release|Any CPU
		{21BA9028-82E7-4810-9F28-4C412CD1B4F9}.Debug|Any CPU.ActiveCfg = Debug|Any CPU
		{21BA9028-82E7-4810-9F28-4C412CD1B4F9}.Debug|Any CPU.Build.0 = Debug|Any CPU
		{21BA9028-82E7-4810-9F28-4C412CD1B4F9}.Debug|x64.ActiveCfg = Debug|Any CPU
		{21BA9028-82E7-4810-9F28-4C412CD1B4F9}.Debug|x64.Build.0 = Debug|Any CPU
		{21BA9028-82E7-4810-9F28-4C412CD1B4F9}.Debug|x86.ActiveCfg = Debug|Any CPU
		{21BA9028-82E7-4810-9F28-4C412CD1B4F9}.Debug|x86.Build.0 = Debug|Any CPU
		{21BA9028-82E7-4810-9F28-4C412CD1B4F9}.Release|Any CPU.ActiveCfg = Release|Any CPU
		{21BA9028-82E7-4810-9F28-4C412CD1B4F9}.Release|Any CPU.Build.0 = Release|Any CPU
		{21BA9028-82E7-4810-9F28-4C412CD1B4F9}.Release|x64.ActiveCfg = Release|Any CPU
		{21BA9028-82E7-4810-9F28-4C412CD1B4F9}.Release|x64.Build.0 = Release|Any CPU
		{21BA9028-82E7-4810-9F28-4C412CD1B4F9}.Release|x86.ActiveCfg = Release|Any CPU
		{21BA9028-82E7-4810-9F28-4C412CD1B4F9}.Release|x86.Build.0 = Release|Any CPU
		{5075B9C6-4945-4E12-B9BF-85C97BA095C5}.Debug|Any CPU.ActiveCfg = Debug|Any CPU
		{5075B9C6-4945-4E12-B9BF-85C97BA095C5}.Debug|Any CPU.Build.0 = Debug|Any CPU
		{5075B9C6-4945-4E12-B9BF-85C97BA095C5}.Debug|x64.ActiveCfg = Debug|Any CPU
		{5075B9C6-4945-4E12-B9BF-85C97BA095C5}.Debug|x64.Build.0 = Debug|Any CPU
		{5075B9C6-4945-4E12-B9BF-85C97BA095C5}.Debug|x86.ActiveCfg = Debug|Any CPU
		{5075B9C6-4945-4E12-B9BF-85C97BA095C5}.Debug|x86.Build.0 = Debug|Any CPU
		{5075B9C6-4945-4E12-B9BF-85C97BA095C5}.Release|Any CPU.ActiveCfg = Release|Any CPU
		{5075B9C6-4945-4E12-B9BF-85C97BA095C5}.Release|Any CPU.Build.0 = Release|Any CPU
		{5075B9C6-4945-4E12-B9BF-85C97BA095C5}.Release|x64.ActiveCfg = Release|Any CPU
		{5075B9C6-4945-4E12-B9BF-85C97BA095C5}.Release|x64.Build.0 = Release|Any CPU
		{5075B9C6-4945-4E12-B9BF-85C97BA095C5}.Release|x86.ActiveCfg = Release|Any CPU
		{5075B9C6-4945-4E12-B9BF-85C97BA095C5}.Release|x86.Build.0 = Release|Any CPU
		{75B42017-98E8-4814-80EF-D79AAD30E440}.Debug|Any CPU.ActiveCfg = Debug|Any CPU
		{75B42017-98E8-4814-80EF-D79AAD30E440}.Debug|Any CPU.Build.0 = Debug|Any CPU
		{75B42017-98E8-4814-80EF-D79AAD30E440}.Debug|x64.ActiveCfg = Debug|Any CPU
		{75B42017-98E8-4814-80EF-D79AAD30E440}.Debug|x64.Build.0 = Debug|Any CPU
		{75B42017-98E8-4814-80EF-D79AAD30E440}.Debug|x86.ActiveCfg = Debug|Any CPU
		{75B42017-98E8-4814-80EF-D79AAD30E440}.Debug|x86.Build.0 = Debug|Any CPU
		{75B42017-98E8-4814-80EF-D79AAD30E440}.Release|Any CPU.ActiveCfg = Release|Any CPU
		{75B42017-98E8-4814-80EF-D79AAD30E440}.Release|Any CPU.Build.0 = Release|Any CPU
		{75B42017-98E8-4814-80EF-D79AAD30E440}.Release|x64.ActiveCfg = Release|Any CPU
		{75B42017-98E8-4814-80EF-D79AAD30E440}.Release|x64.Build.0 = Release|Any CPU
		{75B42017-98E8-4814-80EF-D79AAD30E440}.Release|x86.ActiveCfg = Release|Any CPU
		{75B42017-98E8-4814-80EF-D79AAD30E440}.Release|x86.Build.0 = Release|Any CPU
	EndGlobalSection
	GlobalSection(SolutionProperties) = preSolution
		HideSolutionNode = FALSE
	EndGlobalSection
	GlobalSection(NestedProjects) = preSolution
		{73A6E16C-B550-4059-BC63-21190432B218} = {08E9DCCD-57A4-4FDF-B43D-8CE57A53E014}
		{D9189D2E-12DE-402B-84B4-C32DEDAD03B4} = {2E9465F8-DCF0-49DA-9880-F285E99E476D}
		{593CB3AE-6F26-43FD-A368-C0C2A07A8BB4} = {3DB02190-40D2-4553-B732-2DE6718A777D}
		{40FF8B10-B763-4BDB-B1BC-864B0A2046AF} = {3DB02190-40D2-4553-B732-2DE6718A777D}
		{21BA9028-82E7-4810-9F28-4C412CD1B4F9} = {08E9DCCD-57A4-4FDF-B43D-8CE57A53E014}
		{5075B9C6-4945-4E12-B9BF-85C97BA095C5} = {26E1F2F4-B50F-4287-9FFE-C6AD020E46BD}
		{26E1F2F4-B50F-4287-9FFE-C6AD020E46BD} = {7B33C7CD-7079-4A40-BD57-8DC3B7CB23A2}
		{75B42017-98E8-4814-80EF-D79AAD30E440} = {2E9465F8-DCF0-49DA-9880-F285E99E476D}
	EndGlobalSection
	GlobalSection(ExtensibilityGlobals) = postSolution
		SolutionGuid = {87DA5DC6-C5DA-417A-AC7F-B6C4492D9CD0}
	EndGlobalSection
EndGlobal
